<?xml version="1.0" encoding="utf-8"?>
<Project ToolsVersion="4.0" xmlns="http://schemas.microsoft.com/developer/msbuild/2003">
  <ItemGroup>
    <Filter Include="Fichiers sources">
      <UniqueIdentifier>{4FC737F1-C7A5-4376-A066-2A32D752A2FF}</UniqueIdentifier>
      <Extensions>cpp;c;cc;cxx;c++;cppm;ixx;def;odl;idl;hpj;bat;asm;asmx</Extensions>
    </Filter>
    <Filter Include="Fichiers d%27en-tête">
      <UniqueIdentifier>{93995380-89BD-4b04-88EB-625FBE52EBFB}</UniqueIdentifier>
      <Extensions>h;hh;hpp;hxx;h++;hm;inl;inc;ipp;xsd</Extensions>
    </Filter>
    <Filter Include="Fichiers de ressources">
      <UniqueIdentifier>{67DA6AB6-F800-4c08-8B7A-83BB121AAD01}</UniqueIdentifier>
      <Extensions>rc;ico;cur;bmp;dlg;rc2;rct;bin;rgs;gif;jpg;jpeg;jpe;resx;tiff;tif;png;wav;mfcribbon-ms</Extensions>
    </Filter>
    <Filter Include="Fichiers sources\core">
      <UniqueIdentifier>{c909356f-b8c5-4db6-a0bf-7e63d48098a1}</UniqueIdentifier>
    </Filter>
    <Filter Include="Fichiers sources\data_model">
      <UniqueIdentifier>{b038b6ab-47cb-4567-87eb-e66a6219c20b}</UniqueIdentifier>
    </Filter>
    <Filter Include="Fichiers sources\parsers">
      <UniqueIdentifier>{2096a75d-b210-475a-afc5-2e489b2c8716}</UniqueIdentifier>
    </Filter>
    <Filter Include="Fichiers sources\parsers\visual_studio">
      <UniqueIdentifier>{cf0d92da-cc03-47b4-86d9-6064f5febaf1}</UniqueIdentifier>
    </Filter>
    <Filter Include="Fichiers sources\parsers\cmake">
      <UniqueIdentifier>{59b7315b-00a3-4b98-a56e-07698fb16a20}</UniqueIdentifier>
    </Filter>
    <Filter Include="Fichiers sources\parsers\code">
      <UniqueIdentifier>{ee52cd9d-6533-46c2-a853-10699e202f1a}</UniqueIdentifier>
    </Filter>
  </ItemGroup>
  <ItemGroup>
    <ClCompile Include="src\main.cpp">
      <Filter>Fichiers sources</Filter>
    </ClCompile>
    <ClCompile Include="src\parsers\visual_studio\SlnParser.cpp">
      <Filter>Fichiers sources\parsers\visual_studio</Filter>
    </ClCompile>
    <ClCompile Include="src\parsers\visual_studio\VcxprojParser.cpp">
      <Filter>Fichiers sources\parsers\visual_studio</Filter>
    </ClCompile>
    <ClCompile Include="src\parsers\cmake\cmake.cpp">
      <Filter>Fichiers sources\parsers\cmake</Filter>
    </ClCompile>
    <ClCompile Include="src\parsers\code\ASTParser.cpp">
      <Filter>Fichiers sources\parsers\code</Filter>
    </ClCompile>
  </ItemGroup>
  <ItemGroup>
    <ClInclude Include="src\data_model\DataModel.hpp">
      <Filter>Fichiers sources\data_model</Filter>
    </ClInclude>
    <ClInclude Include="src\parsers\visual_studio\SlnParser.hpp">
      <Filter>Fichiers sources\parsers\visual_studio</Filter>
    </ClInclude>
    <ClInclude Include="src\parsers\visual_studio\VcxprojParser.hpp">
      <Filter>Fichiers sources\parsers\visual_studio</Filter>
    </ClInclude>
    <ClInclude Include="src\parsers\cmake\cmake.hpp">
      <Filter>Fichiers sources\parsers\cmake</Filter>
    </ClInclude>
    <ClInclude Include="src\parsers\code\ASTParser.hpp">
      <Filter>Fichiers sources\parsers\code</Filter>
    </ClInclude>
  </ItemGroup>
</Project>